
Microsoft Visual Studio Solution File, Format Version 12.00
# Visual Studio Version 17
VisualStudioVersion = 17.1.32104.313
MinimumVisualStudioVersion = 10.0.40219.1
Project("{FAE04EC0-301F-11D3-BF4B-00C04F79EFBC}") = "Startup-Millenium", "Startup-Millenium\Startup-Millenium.csproj", "{12FE2450-C33D-4D6C-A467-0F0EE8730CB3}"
EndProject
Global
	GlobalSection(SolutionConfigurationPlatforms) = preSolution
		Debug|Any CPU = Debug|Any CPU
		Release|Any CPU = Release|Any CPU
	EndGlobalSection
	GlobalSection(ProjectConfigurationPlatforms) = postSolution
		{12FE2450-C33D-4D6C-A467-0F0EE8730CB3}.Debug|Any CPU.ActiveCfg = Debug|Any CPU
		{12FE2450-C33D-4D6C-A467-0F0EE8730CB3}.Debug|Any CPU.Build.0 = Debug|Any CPU
		{12FE2450-C33D-4D6C-A467-0F0EE8730CB3}.Release|Any CPU.ActiveCfg = Release|Any CPU
		{12FE2450-C33D-4D6C-A467-0F0EE8730CB3}.Release|Any CPU.Build.0 = Release|Any CPU
	EndGlobalSection
	GlobalSection(SolutionProperties) = preSolution
		HideSolutionNode = FALSE
	EndGlobalSection
	GlobalSection(ExtensibilityGlobals) = postSolution
		SolutionGuid = {34066F48-8A0F-4ED6-A97C-BFB6BF6409C5}
	EndGlobalSection
EndGlobal
